// !$*UTF8*$!
{
	archiveVersion = 1;
	classes = {
	};
	objectVersion = 50;
	objects = {

/* Begin PBXBuildFile section */
		5E75497C22BCBE8700D1BB92 /* AppDelegate.swift in Sources */ = {isa = PBXBuildFile; fileRef = 5E75497B22BCBE8700D1BB92 /* AppDelegate.swift */; };
		5E75497E22BCBE8700D1BB92 /* ViewController.swift in Sources */ = {isa = PBXBuildFile; fileRef = 5E75497D22BCBE8700D1BB92 /* ViewController.swift */; };
		5E75498122BCBE8700D1BB92 /* Main.storyboard in Resources */ = {isa = PBXBuildFile; fileRef = 5E75497F22BCBE8700D1BB92 /* Main.storyboard */; };
		5E75498322BCBE8900D1BB92 /* Assets.xcassets in Resources */ = {isa = PBXBuildFile; fileRef = 5E75498222BCBE8900D1BB92 /* Assets.xcassets */; };
		5E75498622BCBE8900D1BB92 /* LaunchScreen.storyboard in Resources */ = {isa = PBXBuildFile; fileRef = 5E75498422BCBE8900D1BB92 /* LaunchScreen.storyboard */; };
		5E75499122BCBE8900D1BB92 /* NewProjectTests.swift in Sources */ = {isa = PBXBuildFile; fileRef = 5E75499022BCBE8900D1BB92 /* NewProjectTests.swift */; };
		5E75499C22BCBE8900D1BB92 /* NewProjectUITests.swift in Sources */ = {isa = PBXBuildFile; fileRef = 5E75499B22BCBE8900D1BB92 /* NewProjectUITests.swift */; };
		5E7549B322BCCF7F00D1BB92 /* Task1.png in Resources */ = {isa = PBXBuildFile; fileRef = 5E7549A922BCCF7E00D1BB92 /* Task1.png */; };
		5E7549B422BCCF7F00D1BB92 /* Task10.png in Resources */ = {isa = PBXBuildFile; fileRef = 5E7549AA22BCCF7E00D1BB92 /* Task10.png */; };
		5E7549B522BCCF7F00D1BB92 /* Task2.png in Resources */ = {isa = PBXBuildFile; fileRef = 5E7549AB22BCCF7E00D1BB92 /* Task2.png */; };
		5E7549B622BCCF7F00D1BB92 /* Task8.png in Resources */ = {isa = PBXBuildFile; fileRef = 5E7549AC22BCCF7F00D1BB92 /* Task8.png */; };
		5E7549B722BCCF7F00D1BB92 /* Task4.png in Resources */ = {isa = PBXBuildFile; fileRef = 5E7549AD22BCCF7F00D1BB92 /* Task4.png */; };
		5E7549B822BCCF7F00D1BB92 /* Task5.png in Resources */ = {isa = PBXBuildFile; fileRef = 5E7549AE22BCCF7F00D1BB92 /* Task5.png */; };
		5E7549B922BCCF7F00D1BB92 /* Task7.png in Resources */ = {isa = PBXBuildFile; fileRef = 5E7549AF22BCCF7F00D1BB92 /* Task7.png */; };
		5E7549BA22BCCF7F00D1BB92 /* Task6.png in Resources */ = {isa = PBXBuildFile; fileRef = 5E7549B022BCCF7F00D1BB92 /* Task6.png */; };
		5E7549BB22BCCF7F00D1BB92 /* Task3.png in Resources */ = {isa = PBXBuildFile; fileRef = 5E7549B122BCCF7F00D1BB92 /* Task3.png */; };
		5E7549BC22BCCF7F00D1BB92 /* Task9.png in Resources */ = {isa = PBXBuildFile; fileRef = 5E7549B222BCCF7F00D1BB92 /* Task9.png */; };
		5E7549BE22BCDDAF00D1BB92 /* ListViewcell.swift in Sources */ = {isa = PBXBuildFile; fileRef = 5E7549BD22BCDDAF00D1BB92 /* ListViewcell.swift */; };
		5E7549C022BCE03000D1BB92 /* sai 3 png.png in Resources */ = {isa = PBXBuildFile; fileRef = 5E7549BF22BCE03000D1BB92 /* sai 3 png.png */; };
		5E7549C222BCE03800D1BB92 /* sai2 png.png in Resources */ = {isa = PBXBuildFile; fileRef = 5E7549C122BCE03800D1BB92 /* sai2 png.png */; };
		5E7549C422BCE8FC00D1BB92 /* sai png.png in Resources */ = {isa = PBXBuildFile; fileRef = 5E7549C322BCE8FC00D1BB92 /* sai png.png */; };
		5E7549C722BCEE3100D1BB92 /* png2.png in Resources */ = {isa = PBXBuildFile; fileRef = 5E7549C522BCEE3100D1BB92 /* png2.png */; };
		5E7549C822BCEE3100D1BB92 /* png1.png in Resources */ = {isa = PBXBuildFile; fileRef = 5E7549C622BCEE3100D1BB92 /* png1.png */; };
/* End PBXBuildFile section */

/* Begin PBXContainerItemProxy section */
		5E75498D22BCBE8900D1BB92 /* PBXContainerItemProxy */ = {
			isa = PBXContainerItemProxy;
			containerPortal = 5E75497022BCBE8700D1BB92 /* Project object */;
			proxyType = 1;
			remoteGlobalIDString = 5E75497722BCBE8700D1BB92;
			remoteInfo = NewProject;
		};
		5E75499822BCBE8900D1BB92 /* PBXContainerItemProxy */ = {
			isa = PBXContainerItemProxy;
			containerPortal = 5E75497022BCBE8700D1BB92 /* Project object */;
			proxyType = 1;
			remoteGlobalIDString = 5E75497722BCBE8700D1BB92;
			remoteInfo = NewProject;
		};
/* End PBXContainerItemProxy section */

/* Begin PBXFileReference section */
		5E75497822BCBE8700D1BB92 /* NewProject.app */ = {isa = PBXFileReference; explicitFileType = wrapper.application; includeInIndex = 0; path = NewProject.app; sourceTree = BUILT_PRODUCTS_DIR; };
		5E75497B22BCBE8700D1BB92 /* AppDelegate.swift */ = {isa = PBXFileReference; lastKnownFileType = sourcecode.swift; path = AppDelegate.swift; sourceTree = "<group>"; };
		5E75497D22BCBE8700D1BB92 /* ViewController.swift */ = {isa = PBXFileReference; lastKnownFileType = sourcecode.swift; path = ViewController.swift; sourceTree = "<group>"; };
		5E75498022BCBE8700D1BB92 /* Base */ = {isa = PBXFileReference; lastKnownFileType = file.storyboard; name = Base; path = Base.lproj/Main.storyboard; sourceTree = "<group>"; };
		5E75498222BCBE8900D1BB92 /* Assets.xcassets */ = {isa = PBXFileReference; lastKnownFileType = folder.assetcatalog; path = Assets.xcassets; sourceTree = "<group>"; };
		5E75498522BCBE8900D1BB92 /* Base */ = {isa = PBXFileReference; lastKnownFileType = file.storyboard; name = Base; path = Base.lproj/LaunchScreen.storyboard; sourceTree = "<group>"; };
		5E75498722BCBE8900D1BB92 /* Info.plist */ = {isa = PBXFileReference; lastKnownFileType = text.plist.xml; path = Info.plist; sourceTree = "<group>"; };
		5E75498C22BCBE8900D1BB92 /* NewProjectTests.xctest */ = {isa = PBXFileReference; explicitFileType = wrapper.cfbundle; includeInIndex = 0; path = NewProjectTests.xctest; sourceTree = BUILT_PRODUCTS_DIR; };
		5E75499022BCBE8900D1BB92 /* NewProjectTests.swift */ = {isa = PBXFileReference; lastKnownFileType = sourcecode.swift; path = NewProjectTests.swift; sourceTree = "<group>"; };
		5E75499222BCBE8900D1BB92 /* Info.plist */ = {isa = PBXFileReference; lastKnownFileType = text.plist.xml; path = Info.plist; sourceTree = "<group>"; };
		5E75499722BCBE8900D1BB92 /* NewProjectUITests.xctest */ = {isa = PBXFileReference; explicitFileType = wrapper.cfbundle; includeInIndex = 0; path = NewProjectUITests.xctest; sourceTree = BUILT_PRODUCTS_DIR; };
		5E75499B22BCBE8900D1BB92 /* NewProjectUITests.swift */ = {isa = PBXFileReference; lastKnownFileType = sourcecode.swift; path = NewProjectUITests.swift; sourceTree = "<group>"; };
		5E75499D22BCBE8900D1BB92 /* Info.plist */ = {isa = PBXFileReference; lastKnownFileType = text.plist.xml; path = Info.plist; sourceTree = "<group>"; };
		5E7549A922BCCF7E00D1BB92 /* Task1.png */ = {isa = PBXFileReference; lastKnownFileType = image.png; path = Task1.png; sourceTree = "<group>"; };
		5E7549AA22BCCF7E00D1BB92 /* Task10.png */ = {isa = PBXFileReference; lastKnownFileType = image.png; path = Task10.png; sourceTree = "<group>"; };
		5E7549AB22BCCF7E00D1BB92 /* Task2.png */ = {isa = PBXFileReference; lastKnownFileType = image.png; path = Task2.png; sourceTree = "<group>"; };
		5E7549AC22BCCF7F00D1BB92 /* Task8.png */ = {isa = PBXFileReference; lastKnownFileType = image.png; path = Task8.png; sourceTree = "<group>"; };
		5E7549AD22BCCF7F00D1BB92 /* Task4.png */ = {isa = PBXFileReference; lastKnownFileType = image.png; path = Task4.png; sourceTree = "<group>"; };
		5E7549AE22BCCF7F00D1BB92 /* Task5.png */ = {isa = PBXFileReference; lastKnownFileType = image.png; path = Task5.png; sourceTree = "<group>"; };
		5E7549AF22BCCF7F00D1BB92 /* Task7.png */ = {isa = PBXFileReference; lastKnownFileType = image.png; path = Task7.png; sourceTree = "<group>"; };
		5E7549B022BCCF7F00D1BB92 /* Task6.png */ = {isa = PBXFileReference; lastKnownFileType = image.png; path = Task6.png; sourceTree = "<group>"; };
		5E7549B122BCCF7F00D1BB92 /* Task3.png */ = {isa = PBXFileReference; lastKnownFileType = image.png; path = Task3.png; sourceTree = "<group>"; };
		5E7549B222BCCF7F00D1BB92 /* Task9.png */ = {isa = PBXFileReference; lastKnownFileType = image.png; path = Task9.png; sourceTree = "<group>"; };
		5E7549BD22BCDDAF00D1BB92 /* ListViewcell.swift */ = {isa = PBXFileReference; lastKnownFileType = sourcecode.swift; path = ListViewcell.swift; sourceTree = "<group>"; };
		5E7549BF22BCE03000D1BB92 /* sai 3 png.png */ = {isa = PBXFileReference; lastKnownFileType = image.png; path = "sai 3 png.png"; sourceTree = "<group>"; };
		5E7549C122BCE03800D1BB92 /* sai2 png.png */ = {isa = PBXFileReference; lastKnownFileType = image.png; path = "sai2 png.png"; sourceTree = "<group>"; };
		5E7549C322BCE8FC00D1BB92 /* sai png.png */ = {isa = PBXFileReference; lastKnownFileType = image.png; path = "sai png.png"; sourceTree = "<group>"; };
		5E7549C522BCEE3100D1BB92 /* png2.png */ = {isa = PBXFileReference; lastKnownFileType = image.png; path = png2.png; sourceTree = "<group>"; };
		5E7549C622BCEE3100D1BB92 /* png1.png */ = {isa = PBXFileReference; lastKnownFileType = image.png; path = png1.png; sourceTree = "<group>"; };
/* End PBXFileReference section */

/* Begin PBXFrameworksBuildPhase section */
		5E75497522BCBE8700D1BB92 /* Frameworks */ = {
			isa = PBXFrameworksBuildPhase;
			buildActionMask = 2147483647;
			files = (
			);
			runOnlyForDeploymentPostprocessing = 0;
		};
		5E75498922BCBE8900D1BB92 /* Frameworks */ = {
			isa = PBXFrameworksBuildPhase;
			buildActionMask = 2147483647;
			files = (
			);
			runOnlyForDeploymentPostprocessing = 0;
		};
		5E75499422BCBE8900D1BB92 /* Frameworks */ = {
			isa = PBXFrameworksBuildPhase;
			buildActionMask = 2147483647;
			files = (
			);
			runOnlyForDeploymentPostprocessing = 0;
		};
/* End PBXFrameworksBuildPhase section */

/* Begin PBXGroup section */
		5E75496F22BCBE8700D1BB92 = {
			isa = PBXGroup;
			children = (
				5E75497A22BCBE8700D1BB92 /* NewProject */,
				5E75498F22BCBE8900D1BB92 /* NewProjectTests */,
				5E75499A22BCBE8900D1BB92 /* NewProjectUITests */,
				5E75497922BCBE8700D1BB92 /* Products */,
			);
			sourceTree = "<group>";
		};
		5E75497922BCBE8700D1BB92 /* Products */ = {
			isa = PBXGroup;
			children = (
				5E75497822BCBE8700D1BB92 /* NewProject.app */,
				5E75498C22BCBE8900D1BB92 /* NewProjectTests.xctest */,
				5E75499722BCBE8900D1BB92 /* NewProjectUITests.xctest */,
			);
			name = Products;
			sourceTree = "<group>";
		};
		5E75497A22BCBE8700D1BB92 /* NewProject */ = {
			isa = PBXGroup;
			children = (
				5E75497B22BCBE8700D1BB92 /* AppDelegate.swift */,
				5E75497D22BCBE8700D1BB92 /* ViewController.swift */,
				5E7549BD22BCDDAF00D1BB92 /* ListViewcell.swift */,
				5E75497F22BCBE8700D1BB92 /* Main.storyboard */,
				5E75498222BCBE8900D1BB92 /* Assets.xcassets */,
				5E75498422BCBE8900D1BB92 /* LaunchScreen.storyboard */,
				5E7549C622BCEE3100D1BB92 /* png1.png */,
				5E7549C522BCEE3100D1BB92 /* png2.png */,
				5E7549C322BCE8FC00D1BB92 /* sai png.png */,
				5E75498722BCBE8900D1BB92 /* Info.plist */,
				5E7549A922BCCF7E00D1BB92 /* Task1.png */,
				5E7549AB22BCCF7E00D1BB92 /* Task2.png */,
				5E7549B122BCCF7F00D1BB92 /* Task3.png */,
				5E7549AD22BCCF7F00D1BB92 /* Task4.png */,
				5E7549AE22BCCF7F00D1BB92 /* Task5.png */,
				5E7549B022BCCF7F00D1BB92 /* Task6.png */,
				5E7549C122BCE03800D1BB92 /* sai2 png.png */,
				5E7549BF22BCE03000D1BB92 /* sai 3 png.png */,
				5E7549AF22BCCF7F00D1BB92 /* Task7.png */,
				5E7549AC22BCCF7F00D1BB92 /* Task8.png */,
				5E7549B222BCCF7F00D1BB92 /* Task9.png */,
				5E7549AA22BCCF7E00D1BB92 /* Task10.png */,
			);
			path = NewProject;
			sourceTree = "<group>";
		};
		5E75498F22BCBE8900D1BB92 /* NewProjectTests */ = {
			isa = PBXGroup;
			children = (
				5E75499022BCBE8900D1BB92 /* NewProjectTests.swift */,
				5E75499222BCBE8900D1BB92 /* Info.plist */,
			);
			path = NewProjectTests;
			sourceTree = "<group>";
		};
		5E75499A22BCBE8900D1BB92 /* NewProjectUITests */ = {
			isa = PBXGroup;
			children = (
				5E75499B22BCBE8900D1BB92 /* NewProjectUITests.swift */,
				5E75499D22BCBE8900D1BB92 /* Info.plist */,
			);
			path = NewProjectUITests;
			sourceTree = "<group>";
		};
/* End PBXGroup section */

/* Begin PBXNativeTarget section */
		5E75497722BCBE8700D1BB92 /* NewProject */ = {
			isa = PBXNativeTarget;
			buildConfigurationList = 5E7549A022BCBE8900D1BB92 /* Build configuration list for PBXNativeTarget "NewProject" */;
			buildPhases = (
				5E75497422BCBE8700D1BB92 /* Sources */,
				5E75497522BCBE8700D1BB92 /* Frameworks */,
				5E75497622BCBE8700D1BB92 /* Resources */,
			);
			buildRules = (
			);
			dependencies = (
			);
			name = NewProject;
			productName = NewProject;
			productReference = 5E75497822BCBE8700D1BB92 /* NewProject.app */;
			productType = "com.apple.product-type.application";
		};
		5E75498B22BCBE8900D1BB92 /* NewProjectTests */ = {
			isa = PBXNativeTarget;
			buildConfigurationList = 5E7549A322BCBE8900D1BB92 /* Build configuration list for PBXNativeTarget "NewProjectTests" */;
			buildPhases = (
				5E75498822BCBE8900D1BB92 /* Sources */,
				5E75498922BCBE8900D1BB92 /* Frameworks */,
				5E75498A22BCBE8900D1BB92 /* Resources */,
			);
			buildRules = (
			);
			dependencies = (
				5E75498E22BCBE8900D1BB92 /* PBXTargetDependency */,
			);
			name = NewProjectTests;
			productName = NewProjectTests;
			productReference = 5E75498C22BCBE8900D1BB92 /* NewProjectTests.xctest */;
			productType = "com.apple.product-type.bundle.unit-test";
		};
		5E75499622BCBE8900D1BB92 /* NewProjectUITests */ = {
			isa = PBXNativeTarget;
			buildConfigurationList = 5E7549A622BCBE8900D1BB92 /* Build configuration list for PBXNativeTarget "NewProjectUITests" */;
			buildPhases = (
				5E75499322BCBE8900D1BB92 /* Sources */,
				5E75499422BCBE8900D1BB92 /* Frameworks */,
				5E75499522BCBE8900D1BB92 /* Resources */,
			);
			buildRules = (
			);
			dependencies = (
				5E75499922BCBE8900D1BB92 /* PBXTargetDependency */,
			);
			name = NewProjectUITests;
			productName = NewProjectUITests;
			productReference = 5E75499722BCBE8900D1BB92 /* NewProjectUITests.xctest */;
			productType = "com.apple.product-type.bundle.ui-testing";
		};
/* End PBXNativeTarget section */

/* Begin PBXProject section */
		5E75497022BCBE8700D1BB92 /* Project object */ = {
			isa = PBXProject;
			attributes = {
				LastSwiftUpdateCheck = 1020;
				LastUpgradeCheck = 1020;
				ORGANIZATIONNAME = saipavankumar;
				TargetAttributes = {
					5E75497722BCBE8700D1BB92 = {
						CreatedOnToolsVersion = 10.2.1;
					};
					5E75498B22BCBE8900D1BB92 = {
						CreatedOnToolsVersion = 10.2.1;
						TestTargetID = 5E75497722BCBE8700D1BB92;
					};
					5E75499622BCBE8900D1BB92 = {
						CreatedOnToolsVersion = 10.2.1;
						TestTargetID = 5E75497722BCBE8700D1BB92;
					};
				};
			};
			buildConfigurationList = 5E75497322BCBE8700D1BB92 /* Build configuration list for PBXProject "NewProject" */;
			compatibilityVersion = "Xcode 9.3";
			developmentRegion = en;
			hasScannedForEncodings = 0;
			knownRegions = (
				en,
				Base,
			);
			mainGroup = 5E75496F22BCBE8700D1BB92;
			productRefGroup = 5E75497922BCBE8700D1BB92 /* Products */;
			projectDirPath = "";
			projectRoot = "";
			targets = (
				5E75497722BCBE8700D1BB92 /* NewProject */,
				5E75498B22BCBE8900D1BB92 /* NewProjectTests */,
				5E75499622BCBE8900D1BB92 /* NewProjectUITests */,
			);
		};
/* End PBXProject section */

/* Begin PBXResourcesBuildPhase section */
		5E75497622BCBE8700D1BB92 /* Resources */ = {
			isa = PBXResourcesBuildPhase;
			buildActionMask = 2147483647;
			files = (
				5E7549C422BCE8FC00D1BB92 /* sai png.png in Resources */,
				5E7549C722BCEE3100D1BB92 /* png2.png in Resources */,
				5E7549BC22BCCF7F00D1BB92 /* Task9.png in Resources */,
				5E7549B322BCCF7F00D1BB92 /* Task1.png in Resources */,
				5E75498622BCBE8900D1BB92 /* LaunchScreen.storyboard in Resources */,
				5E7549C022BCE03000D1BB92 /* sai 3 png.png in Resources */,
				5E7549B422BCCF7F00D1BB92 /* Task10.png in Resources */,
				5E7549B722BCCF7F00D1BB92 /* Task4.png in Resources */,
				5E7549B522BCCF7F00D1BB92 /* Task2.png in Resources */,
				5E7549B622BCCF7F00D1BB92 /* Task8.png in Resources */,
				5E7549BB22BCCF7F00D1BB92 /* Task3.png in Resources */,
				5E7549C822BCEE3100D1BB92 /* png1.png in Resources */,
				5E7549B822BCCF7F00D1BB92 /* Task5.png in Resources */,
				5E75498322BCBE8900D1BB92 /* Assets.xcassets in Resources */,
				5E7549B922BCCF7F00D1BB92 /* Task7.png in Resources */,
				5E7549C222BCE03800D1BB92 /* sai2 png.png in Resources */,
				5E75498122BCBE8700D1BB92 /* Main.storyboard in Resources */,
				5E7549BA22BCCF7F00D1BB92 /* Task6.png in Resources */,
			);
			runOnlyForDeploymentPostprocessing = 0;
		};
		5E75498A22BCBE8900D1BB92 /* Resources */ = {
			isa = PBXResourcesBuildPhase;
			buildActionMask = 2147483647;
			files = (
			);
			runOnlyForDeploymentPostprocessing = 0;
		};
		5E75499522BCBE8900D1BB92 /* Resources */ = {
			isa = PBXResourcesBuildPhase;
			buildActionMask = 2147483647;
			files = (
			);
			runOnlyForDeploymentPostprocessing = 0;
		};
/* End PBXResourcesBuildPhase section */

/* Begin PBXSourcesBuildPhase section */
		5E75497422BCBE8700D1BB92 /* Sources */ = {
			isa = PBXSourcesBuildPhase;
			buildActionMask = 2147483647;
			files = (
				5E7549BE22BCDDAF00D1BB92 /* ListViewcell.swift in Sources */,
				5E75497E22BCBE8700D1BB92 /* ViewController.swift in Sources */,
				5E75497C22BCBE8700D1BB92 /* AppDelegate.swift in Sources */,
			);
			runOnlyForDeploymentPostprocessing = 0;
		};
		5E75498822BCBE8900D1BB92 /* Sources */ = {
			isa = PBXSourcesBuildPhase;
			buildActionMask = 2147483647;
			files = (
				5E75499122BCBE8900D1BB92 /* NewProjectTests.swift in Sources */,
			);
			runOnlyForDeploymentPostprocessing = 0;
		};
		5E75499322BCBE8900D1BB92 /* Sources */ = {
			isa = PBXSourcesBuildPhase;
			buildActionMask = 2147483647;
			files = (
				5E75499C22BCBE8900D1BB92 /* NewProjectUITests.swift in Sources */,
			);
			runOnlyForDeploymentPostprocessing = 0;
		};
/* End PBXSourcesBuildPhase section */

/* Begin PBXTargetDependency section */
		5E75498E22BCBE8900D1BB92 /* PBXTargetDependency */ = {
			isa = PBXTargetDependency;
			target = 5E75497722BCBE8700D1BB92 /* NewProject */;
			targetProxy = 5E75498D22BCBE8900D1BB92 /* PBXContainerItemProxy */;
		};
		5E75499922BCBE8900D1BB92 /* PBXTargetDependency */ = {
			isa = PBXTargetDependency;
			target = 5E75497722BCBE8700D1BB92 /* NewProject */;
			targetProxy = 5E75499822BCBE8900D1BB92 /* PBXContainerItemProxy */;
		};
/* End PBXTargetDependency section */

/* Begin PBXVariantGroup section */
		5E75497F22BCBE8700D1BB92 /* Main.storyboard */ = {
			isa = PBXVariantGroup;
			children = (
				5E75498022BCBE8700D1BB92 /* Base */,
			);
			name = Main.storyboard;
			sourceTree = "<group>";
		};
		5E75498422BCBE8900D1BB92 /* LaunchScreen.storyboard */ = {
			isa = PBXVariantGroup;
			children = (
				5E75498522BCBE8900D1BB92 /* Base */,
			);
			name = LaunchScreen.storyboard;
			sourceTree = "<group>";
		};
/* End PBXVariantGroup section */

/* Begin XCBuildConfiguration section */
		5E75499E22BCBE8900D1BB92 /* Debug */ = {
			isa = XCBuildConfiguration;
			buildSettings = {
				ALWAYS_SEARCH_USER_PATHS = NO;
				CLANG_ANALYZER_NONNULL = YES;
				CLANG_ANALYZER_NUMBER_OBJECT_CONVERSION = YES_AGGRESSIVE;
				CLANG_CXX_LANGUAGE_STANDARD = "gnu++14";
				CLANG_CXX_LIBRARY = "libc++";
				CLANG_ENABLE_MODULES = YES;
				CLANG_ENABLE_OBJC_ARC = YES;
				CLANG_ENABLE_OBJC_WEAK = YES;
				CLANG_WARN_BLOCK_CAPTURE_AUTORELEASING = YES;
				CLANG_WARN_BOOL_CONVERSION = YES;
				CLANG_WARN_COMMA = YES;
				CLANG_WARN_CONSTANT_CONVERSION = YES;
				CLANG_WARN_DEPRECATED_OBJC_IMPLEMENTATIONS = YES;
				CLANG_WARN_DIRECT_OBJC_ISA_USAGE = YES_ERROR;
				CLANG_WARN_DOCUMENTATION_COMMENTS = YES;
				CLANG_WARN_EMPTY_BODY = YES;
				CLANG_WARN_ENUM_CONVERSION = YES;
				CLANG_WARN_INFINITE_RECURSION = YES;
				CLANG_WARN_INT_CONVERSION = YES;
				CLANG_WARN_NON_LITERAL_NULL_CONVERSION = YES;
				CLANG_WARN_OBJC_IMPLICIT_RETAIN_SELF = YES;
				CLANG_WARN_OBJC_LITERAL_CONVERSION = YES;
				CLANG_WARN_OBJC_ROOT_CLASS = YES_ERROR;
				CLANG_WARN_RANGE_LOOP_ANALYSIS = YES;
				CLANG_WARN_STRICT_PROTOTYPES = YES;
				CLANG_WARN_SUSPICIOUS_MOVE = YES;
				CLANG_WARN_UNGUARDED_AVAILABILITY = YES_AGGRESSIVE;
				CLANG_WARN_UNREACHABLE_CODE = YES;
				CLANG_WARN__DUPLICATE_METHOD_MATCH = YES;
				CODE_SIGN_IDENTITY = "iPhone Developer";
				COPY_PHASE_STRIP = NO;
				DEBUG_INFORMATION_FORMAT = dwarf;
				ENABLE_STRICT_OBJC_MSGSEND = YES;
				ENABLE_TESTABILITY = YES;
				GCC_C_LANGUAGE_STANDARD = gnu11;
				GCC_DYNAMIC_NO_PIC = NO;
				GCC_NO_COMMON_BLOCKS = YES;
				GCC_OPTIMIZATION_LEVEL = 0;
				GCC_PREPROCESSOR_DEFINITIONS = (
					"DEBUG=1",
					"$(inherited)",
				);
				GCC_WARN_64_TO_32_BIT_CONVERSION = YES;
				GCC_WARN_ABOUT_RETURN_TYPE = YES_ERROR;
				GCC_WARN_UNDECLARED_SELECTOR = YES;
				GCC_WARN_UNINITIALIZED_AUTOS = YES_AGGRESSIVE;
				GCC_WARN_UNUSED_FUNCTION = YES;
				GCC_WARN_UNUSED_VARIABLE = YES;
				IPHONEOS_DEPLOYMENT_TARGET = 12.2;
				MTL_ENABLE_DEBUG_INFO = INCLUDE_SOURCE;
				MTL_FAST_MATH = YES;
				ONLY_ACTIVE_ARCH = YES;
				SDKROOT = iphoneos;
				SWIFT_ACTIVE_COMPILATION_CONDITIONS = DEBUG;
				SWIFT_OPTIMIZATION_LEVEL = "-Onone";
			};
			name = Debug;
		};
		5E75499F22BCBE8900D1BB92 /* Release */ = {
			isa = XCBuildConfiguration;
			buildSettings = {
				ALWAYS_SEARCH_USER_PATHS = NO;
				CLANG_ANALYZER_NONNULL = YES;
				CLANG_ANALYZER_NUMBER_OBJECT_CONVERSION = YES_AGGRESSIVE;
				CLANG_CXX_LANGUAGE_STANDARD = "gnu++14";
				CLANG_CXX_LIBRARY = "libc++";
				CLANG_ENABLE_MODULES = YES;
				CLANG_ENABLE_OBJC_ARC = YES;
				CLANG_ENABLE_OBJC_WEAK = YES;
				CLANG_WARN_BLOCK_CAPTURE_AUTORELEASING = YES;
				CLANG_WARN_BOOL_CONVERSION = YES;
				CLANG_WARN_COMMA = YES;
				CLANG_WARN_CONSTANT_CONVERSION = YES;
				CLANG_WARN_DEPRECATED_OBJC_IMPLEMENTATIONS = YES;
				CLANG_WARN_DIRECT_OBJC_ISA_USAGE = YES_ERROR;
				CLANG_WARN_DOCUMENTATION_COMMENTS = YES;
				CLANG_WARN_EMPTY_BODY = YES;
				CLANG_WARN_ENUM_CONVERSION = YES;
				CLANG_WARN_INFINITE_RECURSION = YES;
				CLANG_WARN_INT_CONVERSION = YES;
				CLANG_WARN_NON_LITERAL_NULL_CONVERSION = YES;
				CLANG_WARN_OBJC_IMPLICIT_RETAIN_SELF = YES;
				CLANG_WARN_OBJC_LITERAL_CONVERSION = YES;
				CLANG_WARN_OBJC_ROOT_CLASS = YES_ERROR;
				CLANG_WARN_RANGE_LOOP_ANALYSIS = YES;
				CLANG_WARN_STRICT_PROTOTYPES = YES;
				CLANG_WARN_SUSPICIOUS_MOVE = YES;
				CLANG_WARN_UNGUARDED_AVAILABILITY = YES_AGGRESSIVE;
				CLANG_WARN_UNREACHABLE_CODE = YES;
				CLANG_WARN__DUPLICATE_METHOD_MATCH = YES;
				CODE_SIGN_IDENTITY = "iPhone Developer";
				COPY_PHASE_STRIP = NO;
				DEBUG_INFORMATION_FORMAT = "dwarf-with-dsym";
				ENABLE_NS_ASSERTIONS = NO;
				ENABLE_STRICT_OBJC_MSGSEND = YES;
				GCC_C_LANGUAGE_STANDARD = gnu11;
				GCC_NO_COMMON_BLOCKS = YES;
				GCC_WARN_64_TO_32_BIT_CONVERSION = YES;
				GCC_WARN_ABOUT_RETURN_TYPE = YES_ERROR;
				GCC_WARN_UNDECLARED_SELECTOR = YES;
				GCC_WARN_UNINITIALIZED_AUTOS = YES_AGGRESSIVE;
				GCC_WARN_UNUSED_FUNCTION = YES;
				GCC_WARN_UNUSED_VARIABLE = YES;
				IPHONEOS_DEPLOYMENT_TARGET = 12.2;
				MTL_ENABLE_DEBUG_INFO = NO;
				MTL_FAST_MATH = YES;
				SDKROOT = iphoneos;
				SWIFT_COMPILATION_MODE = wholemodule;
				SWIFT_OPTIMIZATION_LEVEL = "-O";
				VALIDATE_PRODUCT = YES;
			};
			name = Release;
		};
		5E7549A122BCBE8900D1BB92 /* Debug */ = {
			isa = XCBuildConfiguration;
			buildSettings = {
				ASSETCATALOG_COMPILER_APPICON_NAME = AppIcon;
				CODE_SIGN_STYLE = Automatic;
				INFOPLIST_FILE = NewProject/Info.plist;
				LD_RUNPATH_SEARCH_PATHS = (
					"$(inherited)",
					"@executable_path/Frameworks",
				);
				PRODUCT_BUNDLE_IDENTIFIER = GreatLogics.NewProject;
				PRODUCT_NAME = "$(TARGET_NAME)";
				SWIFT_VERSION = 5.0;
				TARGETED_DEVICE_FAMILY = "1,2";
			};
			name = Debug;
		};
		5E7549A222BCBE8900D1BB92 /* Release */ = {
			isa = XCBuildConfiguration;
			buildSettings = {
				ASSETCATALOG_COMPILER_APPICON_NAME = AppIcon;
				CODE_SIGN_STYLE = Automatic;
				INFOPLIST_FILE = NewProject/Info.plist;
				LD_RUNPATH_SEARCH_PATHS = (
					"$(inherited)",
					"@executable_path/Frameworks",
				);
				PRODUCT_BUNDLE_IDENTIFIER = GreatLogics.NewProject;
				PRODUCT_NAME = "$(TARGET_NAME)";
				SWIFT_VERSION = 5.0;
				TARGETED_DEVICE_FAMILY = "1,2";
			};
			name = Release;
		};
		5E7549A422BCBE8900D1BB92 /* Debug */ = {
			isa = XCBuildConfiguration;
			buildSettings = {
				ALWAYS_EMBED_SWIFT_STANDARD_LIBRARIES = YES;
				BUNDLE_LOADER = "$(TEST_HOST)";
				CODE_SIGN_STYLE = Automatic;
				INFOPLIST_FILE = NewProjectTests/Info.plist;
				LD_RUNPATH_SEARCH_PATHS = (
					"$(inherited)",
					"@executable_path/Frameworks",
					"@loader_path/Frameworks",
				);
				PRODUCT_BUNDLE_IDENTIFIER = GreatLogics.NewProjectTests;
				PRODUCT_NAME = "$(TARGET_NAME)";
				SWIFT_VERSION = 5.0;
				TARGETED_DEVICE_FAMILY = "1,2";
				TEST_HOST = "$(BUILT_PRODUCTS_DIR)/NewProject.app/NewProject";
			};
			name = Debug;
		};
		5E7549A522BCBE8900D1BB92 /* Release */ = {
			isa = XCBuildConfiguration;
			buildSettings = {
				ALWAYS_EMBED_SWIFT_STANDARD_LIBRARIES = YES;
				BUNDLE_LOADER = "$(TEST_HOST)";
				CODE_SIGN_STYLE = Automatic;
				INFOPLIST_FILE = NewProjectTests/Info.plist;
				LD_RUNPATH_SEARCH_PATHS = (
					"$(inherited)",
					"@executable_path/Frameworks",
					"@loader_path/Frameworks",
				);
				PRODUCT_BUNDLE_IDENTIFIER = GreatLogics.NewProjectTests;
				PRODUCT_NAME = "$(TARGET_NAME)";
				SWIFT_VERSION = 5.0;
				TARGETED_DEVICE_FAMILY = "1,2";
				TEST_HOST = "$(BUILT_PRODUCTS_DIR)/NewProject.app/NewProject";
			};
			name = Release;
		};
		5E7549A722BCBE8900D1BB92 /* Debug */ = {
			isa = XCBuildConfiguration;
			buildSettings = {
				ALWAYS_EMBED_SWIFT_STANDARD_LIBRARIES = YES;
				CODE_SIGN_STYLE = Automatic;
				INFOPLIST_FILE = NewProjectUITests/Info.plist;
				LD_RUNPATH_SEARCH_PATHS = (
					"$(inherited)",
					"@executable_path/Frameworks",
					"@loader_path/Frameworks",
				);
				PRODUCT_BUNDLE_IDENTIFIER = GreatLogics.NewProjectUITests;
				PRODUCT_NAME = "$(TARGET_NAME)";
				SWIFT_VERSION = 5.0;
				TARGETED_DEVICE_FAMILY = "1,2";
				TEST_TARGET_NAME = NewProject;
			};
			name = Debug;
		};
		5E7549A822BCBE8900D1BB92 /* Release */ = {
			isa = XCBuildConfiguration;
			buildSettings = {
				ALWAYS_EMBED_SWIFT_STANDARD_LIBRARIES = YES;
				CODE_SIGN_STYLE = Automatic;
				INFOPLIST_FILE = NewProjectUITests/Info.plist;
				LD_RUNPATH_SEARCH_PATHS = (
					"$(inherited)",
					"@executable_path/Frameworks",
					"@loader_path/Frameworks",
				);
				PRODUCT_BUNDLE_IDENTIFIER = GreatLogics.NewProjectUITests;
				PRODUCT_NAME = "$(TARGET_NAME)";
				SWIFT_VERSION = 5.0;
				TARGETED_DEVICE_FAMILY = "1,2";
				TEST_TARGET_NAME = NewProject;
			};
			name = Release;
		};
/* End XCBuildConfiguration section */

/* Begin XCConfigurationList section */
		5E75497322BCBE8700D1BB92 /* Build configuration list for PBXProject "NewProject" */ = {
			isa = XCConfigurationList;
			buildConfigurations = (
				5E75499E22BCBE8900D1BB92 /* Debug */,
				5E75499F22BCBE8900D1BB92 /* Release */,
			);
			defaultConfigurationIsVisible = 0;
			defaultConfigurationName = Release;
		};
		5E7549A022BCBE8900D1BB92 /* Build configuration list for PBXNativeTarget "NewProject" */ = {
			isa = XCConfigurationList;
			buildConfigurations = (
				5E7549A122BCBE8900D1BB92 /* Debug */,
				5E7549A222BCBE8900D1BB92 /* Release */,
			);
			defaultConfigurationIsVisible = 0;
			defaultConfigurationName = Release;
		};
		5E7549A322BCBE8900D1BB92 /* Build configuration list for PBXNativeTarget "NewProjectTests" */ = {
			isa = XCConfigurationList;
			buildConfigurations = (
				5E7549A422BCBE8900D1BB92 /* Debug */,
				5E7549A522BCBE8900D1BB92 /* Release */,
			);
			defaultConfigurationIsVisible = 0;
			defaultConfigurationName = Release;
		};
		5E7549A622BCBE8900D1BB92 /* Build configuration list for PBXNativeTarget "NewProjectUITests" */ = {
			isa = XCConfigurationList;
			buildConfigurations = (
				5E7549A722BCBE8900D1BB92 /* Debug */,
				5E7549A822BCBE8900D1BB92 /* Release */,
			);
			defaultConfigurationIsVisible = 0;
			defaultConfigurationName = Release;
		};
/* End XCConfigurationList section */
	};
	rootObject = 5E75497022BCBE8700D1BB92 /* Project object */;
}
